
Microsoft Visual Studio Solution File, Format Version 12.00
# Visual Studio Version 16
VisualStudioVersion = 16.0.31515.178
MinimumVisualStudioVersion = 10.0.40219.1
Project("{FAE04EC0-301F-11D3-BF4B-00C04F79EFBC}") = "RestSharp_EmployeePayroll", "RestSharp_EmployeePayroll\RestSharp_EmployeePayroll.csproj", "{CEDD31FE-15DE-49C5-85F7-DF8E5681E4F4}"
EndProject
Global
	GlobalSection(SolutionConfigurationPlatforms) = preSolution
		Debug|Any CPU = Debug|Any CPU
		Release|Any CPU = Release|Any CPU
	EndGlobalSection
	GlobalSection(ProjectConfigurationPlatforms) = postSolution
		{CEDD31FE-15DE-49C5-85F7-DF8E5681E4F4}.Debug|Any CPU.ActiveCfg = Debug|Any CPU
		{CEDD31FE-15DE-49C5-85F7-DF8E5681E4F4}.Debug|Any CPU.Build.0 = Debug|Any CPU
		{CEDD31FE-15DE-49C5-85F7-DF8E5681E4F4}.Release|Any CPU.ActiveCfg = Release|Any CPU
		{CEDD31FE-15DE-49C5-85F7-DF8E5681E4F4}.Release|Any CPU.Build.0 = Release|Any CPU
	EndGlobalSection
	GlobalSection(SolutionProperties) = preSolution
		HideSolutionNode = FALSE
	EndGlobalSection
	GlobalSection(ExtensibilityGlobals) = postSolution
		SolutionGuid = {8A86C13E-5570-4A89-81B8-6FF53C6F6AC5}
	EndGlobalSection
EndGlobal
